schema: '2.0'
stages:
  data_ingestion:
    cmd: python src/data_ingestion.py --output data/raw/raw_data.csv
    deps:
    - path: data/raw/Churn Prediction DataSet.csv
      hash: md5
      md5: 0f9de68e012bd3aed5fa7cdc9fc421af
      size: 977501
    - path: src/data_ingestion.py
      hash: md5
      md5: 565a5cb0c20184e73a82a33366241531
      size: 1153
    outs:
    - path: data/raw/raw_data.csv
      hash: md5
      md5: 7f07de26b054de4c36eed95a1277fe21
      size: 978285
  data_preprocessing:
    cmd: python src/preprocessing.py --input data/raw/raw_data.csv --output 
      data/processed
    deps:
    - path: data/raw/raw_data.csv
      hash: md5
      md5: 7f07de26b054de4c36eed95a1277fe21
      size: 978285
    - path: src/preprocessing.py
      hash: md5
      md5: 4c228fd72289f7581d710ea318f1dbb5
      size: 3014
    outs:
    - path: data/processed/test.csv
      hash: md5
      md5: 61008c59eb9cabee7b596a49e14cfa7d
      size: 528224
    - path: data/processed/train.csv
      hash: md5
      md5: 9a4548686cedb1efce9d8be9d7bc8180
      size: 2110870
    - path: models/encoders.pkl
      hash: md5
      md5: 9c977aab43caed92711249134dac7b3b
      size: 750
    - path: models/scaler.pkl
      hash: md5
      md5: 3dccc185ad1bd592014e2c93cd58e4b5
      size: 1551
  model_training:
    cmd: python src/train.py --data data/processed/train.csv --model-dir models 
      --params params.yaml
    deps:
    - path: data/processed/train.csv
      hash: md5
      md5: 9a4548686cedb1efce9d8be9d7bc8180
      size: 2110870
    - path: src/train.py
      hash: md5
      md5: 736b693d12d4666d469103adcb0facb7
      size: 2959
    params:
      params.yaml:
        model.learning_rate: 0.1
        model.max_depth: 6
        model.max_iter: 1000
        model.n_estimators: 100
        model.name: XGBoost
    outs:
    - path: models/XGBoost.pkl
      hash: md5
      md5: 0d2ac6e5e757e349d36ad5cccb17232a
      size: 324864
  model_evaluation:
    cmd: python src/evaluate.py --model-dir models --test-data 
      data/processed/test.csv --metrics-dir metrics --params params.yaml
    deps:
    - path: data/processed/test.csv
      hash: md5
      md5: 61008c59eb9cabee7b596a49e14cfa7d
      size: 528224
    - path: models/XGBoost.pkl
      hash: md5
      md5: 0d2ac6e5e757e349d36ad5cccb17232a
      size: 324864
    - path: src/evaluate.py
      hash: md5
      md5: 08913194ebf3cc5a2a4a025014e0165b
      size: 3666
    params:
      params.yaml:
        model.name: XGBoost
    outs:
    - path: metrics/XGBoost.json
      hash: md5
      md5: f93cc5b92b751ca7f80fe6a2ff5eb0e8
      size: 186
